{
  "version": 4,
  "terraform_version": "1.6.2",
  "serial": 376,
  "lineage": "99e4f7d1-2aca-7418-52b2-2fa9dfe7f0e1",
  "outputs": {
    "base_url": {
      "value": "https://37uj1klegg.execute-api.us-west-1.amazonaws.com/prod",
      "type": "string"
    },
    "function_name": {
      "value": "office-quotes",
      "type": "string"
    },
    "lambda_bucket_name": {
      "value": "rust-lambda-teaching-ram",
      "type": "string"
    }
  },
  "resources": [
    {
      "mode": "data",
      "type": "archive_file",
      "name": "lambda_office_quotes",
      "provider": "provider[\"registry.terraform.io/hashicorp/archive\"]",
      "instances": [
        {
          "schema_version": 0,
          "attributes": {
            "exclude_symlink_directories": null,
            "excludes": null,
            "id": "cb9ef7da1ad946b9aeb0d73f19a1e43817e2b724",
            "output_base64sha256": "0slbrUSgczwQ1tTM5/NNhUrzILwEZW5HgVEC6nfGad0=",
            "output_base64sha512": "jsrp0bOrJsqpx1HAdyyANPwmgWpY6/4Bm4/+QKcsh+b+lAPyqpArvEITALJ8hVH8hqM84L3PdsylrDwQFdo1Qg==",
            "output_file_mode": null,
            "output_md5": "c5f68fb38201660b5dec64d916fe70c9",
            "output_path": "./bootstrap.zip",
            "output_sha": "cb9ef7da1ad946b9aeb0d73f19a1e43817e2b724",
            "output_sha256": "d2c95bad44a0733c10d6d4cce7f34d854af320bc04656e47815102ea77c669dd",
            "output_sha512": "8ecae9d1b3ab26caa9c751c0772c8034fc26816a58ebfe019b8ffe40a72c87e6fe9403f2aa902bbc421300b27c8551fc86a33ce0bdcf76cca5ac3c1015da3542",
            "output_size": 1352018,
            "source": [],
            "source_content": null,
            "source_content_filename": null,
            "source_dir": "./../target/lambda/office-quotes",
            "source_file": null,
            "type": "zip"
          },
          "sensitive_attributes": []
        }
      ]
    },
    {
      "mode": "managed",
      "type": "aws_apigatewayv2_api",
      "name": "office_gateway",
      "provider": "provider[\"registry.terraform.io/hashicorp/aws\"]",
      "instances": [
        {
          "schema_version": 0,
          "attributes": {
            "api_endpoint": "https://37uj1klegg.execute-api.us-west-1.amazonaws.com",
            "api_key_selection_expression": "$request.header.x-api-key",
            "arn": "arn:aws:apigateway:us-west-1::/apis/37uj1klegg",
            "body": null,
            "cors_configuration": [],
            "credentials_arn": null,
            "description": "",
            "disable_execute_api_endpoint": false,
            "execution_arn": "arn:aws:execute-api:us-west-1:837783866327:37uj1klegg",
            "fail_on_warnings": null,
            "id": "37uj1klegg",
            "name": "office-gateway",
            "protocol_type": "HTTP",
            "route_key": null,
            "route_selection_expression": "$request.method $request.path",
            "tags": null,
            "tags_all": {
              "hashicorp-learn": "lambda-api-gateway"
            },
            "target": null,
            "version": ""
          },
          "sensitive_attributes": [],
          "private": "bnVsbA=="
        }
      ]
    },
    {
      "mode": "managed",
      "type": "aws_apigatewayv2_integration",
      "name": "get_quote",
      "provider": "provider[\"registry.terraform.io/hashicorp/aws\"]",
      "instances": [
        {
          "schema_version": 0,
          "attributes": {
            "api_id": "37uj1klegg",
            "connection_id": "",
            "connection_type": "INTERNET",
            "content_handling_strategy": "",
            "credentials_arn": "",
            "description": "",
            "id": "4wx9kml",
            "integration_method": "POST",
            "integration_response_selection_expression": "",
            "integration_subtype": "",
            "integration_type": "AWS_PROXY",
            "integration_uri": "arn:aws:apigateway:us-west-1:lambda:path/2015-03-31/functions/arn:aws:lambda:us-west-1:837783866327:function:office-quotes/invocations",
            "passthrough_behavior": "",
            "payload_format_version": "1.0",
            "request_parameters": null,
            "request_templates": null,
            "response_parameters": [],
            "template_selection_expression": "",
            "timeout_milliseconds": 30000,
            "tls_config": []
          },
          "sensitive_attributes": [],
          "private": "bnVsbA==",
          "dependencies": [
            "aws_apigatewayv2_api.office_gateway",
            "aws_iam_role.lambda_execution_policy",
            "aws_lambda_function.office_quotes",
            "aws_s3_bucket.lambda_bucket",
            "aws_s3_object.lambda_office_quotes",
            "data.archive_file.lambda_office_quotes",
            "random_pet.lambda_bucket_name"
          ]
        }
      ]
    },
    {
      "mode": "managed",
      "type": "aws_apigatewayv2_route",
      "name": "get_quote",
      "provider": "provider[\"registry.terraform.io/hashicorp/aws\"]",
      "instances": [
        {
          "schema_version": 0,
          "attributes": {
            "api_id": "37uj1klegg",
            "api_key_required": false,
            "authorization_scopes": null,
            "authorization_type": "NONE",
            "authorizer_id": "",
            "id": "m6sfleb",
            "model_selection_expression": "",
            "operation_name": "",
            "request_models": null,
            "request_parameter": [],
            "route_key": "GET /quotes",
            "route_response_selection_expression": "",
            "target": "integrations/4wx9kml"
          },
          "sensitive_attributes": [],
          "private": "bnVsbA==",
          "dependencies": [
            "aws_apigatewayv2_api.office_gateway",
            "aws_apigatewayv2_integration.get_quote",
            "aws_iam_role.lambda_execution_policy",
            "aws_lambda_function.office_quotes",
            "aws_s3_bucket.lambda_bucket",
            "aws_s3_object.lambda_office_quotes",
            "data.archive_file.lambda_office_quotes",
            "random_pet.lambda_bucket_name"
          ]
        }
      ]
    },
    {
      "mode": "managed",
      "type": "aws_apigatewayv2_stage",
      "name": "office_gateway",
      "provider": "provider[\"registry.terraform.io/hashicorp/aws\"]",
      "instances": [
        {
          "schema_version": 0,
          "attributes": {
            "access_log_settings": [
              {
                "destination_arn": "arn:aws:logs:us-west-1:837783866327:log-group:/aws/api-gateway/office-gateway",
                "format": "{\"httpMethod\":\"$context.httpMethod\",\"integrationErrorMessage\":\"$context.integrationErrorMessage\",\"protocol\":\"$context.protocol\",\"requestId\":\"$context.requestId\",\"requestTime\":\"$context.requestTime\",\"resourcePath\":\"$context.resourcePath\",\"responseLength\":\"$context.responseLength\",\"routeKey\":\"$context.routeKey\",\"sourceIp\":\"$context.identity.sourceIp\",\"status\":\"$context.status\"}"
              }
            ],
            "api_id": "37uj1klegg",
            "arn": "arn:aws:apigateway:us-west-1::/apis/37uj1klegg/stages/prod",
            "auto_deploy": true,
            "client_certificate_id": "",
            "default_route_settings": [
              {
                "data_trace_enabled": false,
                "detailed_metrics_enabled": false,
                "logging_level": "",
                "throttling_burst_limit": 0,
                "throttling_rate_limit": 0
              }
            ],
            "deployment_id": "",
            "description": "",
            "execution_arn": "arn:aws:execute-api:us-west-1:837783866327:37uj1klegg/prod",
            "id": "prod",
            "invoke_url": "https://37uj1klegg.execute-api.us-west-1.amazonaws.com/prod",
            "name": "prod",
            "route_settings": [],
            "stage_variables": null,
            "tags": null,
            "tags_all": {
              "hashicorp-learn": "lambda-api-gateway"
            }
          },
          "sensitive_attributes": [],
          "private": "bnVsbA==",
          "dependencies": [
            "aws_apigatewayv2_api.office_gateway",
            "aws_cloudwatch_log_group.office_gateway"
          ]
        }
      ]
    },
    {
      "mode": "managed",
      "type": "aws_cloudwatch_log_group",
      "name": "office_gateway",
      "provider": "provider[\"registry.terraform.io/hashicorp/aws\"]",
      "instances": [
        {
          "schema_version": 0,
          "attributes": {
            "arn": "arn:aws:logs:us-west-1:837783866327:log-group:/aws/api-gateway/office-gateway",
            "id": "/aws/api-gateway/office-gateway",
            "kms_key_id": "",
            "name": "/aws/api-gateway/office-gateway",
            "name_prefix": "",
            "retention_in_days": 1,
            "skip_destroy": false,
            "tags": null,
            "tags_all": {
              "hashicorp-learn": "lambda-api-gateway"
            }
          },
          "sensitive_attributes": [],
          "private": "bnVsbA==",
          "dependencies": ["aws_apigatewayv2_api.office_gateway"]
        }
      ]
    },
    {
      "mode": "managed",
      "type": "aws_cloudwatch_log_group",
      "name": "office_quotes",
      "provider": "provider[\"registry.terraform.io/hashicorp/aws\"]",
      "instances": [
        {
          "schema_version": 0,
          "attributes": {
            "arn": "arn:aws:logs:us-west-1:837783866327:log-group:/aws/lambda/office-quotes",
            "id": "/aws/lambda/office-quotes",
            "kms_key_id": "",
            "name": "/aws/lambda/office-quotes",
            "name_prefix": "",
            "retention_in_days": 30,
            "skip_destroy": false,
            "tags": null,
            "tags_all": {
              "hashicorp-learn": "lambda-api-gateway"
            }
          },
          "sensitive_attributes": [],
          "private": "bnVsbA==",
          "dependencies": [
            "aws_iam_role.lambda_execution_policy",
            "aws_lambda_function.office_quotes",
            "aws_s3_bucket.lambda_bucket",
            "aws_s3_object.lambda_office_quotes",
            "data.archive_file.lambda_office_quotes",
            "random_pet.lambda_bucket_name"
          ]
        }
      ]
    },
    {
      "mode": "managed",
      "type": "aws_iam_role",
      "name": "lambda_execution_policy",
      "provider": "provider[\"registry.terraform.io/hashicorp/aws\"]",
      "instances": [
        {
          "schema_version": 0,
          "attributes": {
            "arn": "arn:aws:iam::837783866327:role/office-lambda-execution-role",
            "assume_role_policy": "{\"Statement\":[{\"Action\":\"sts:AssumeRole\",\"Effect\":\"Allow\",\"Principal\":{\"Service\":\"lambda.amazonaws.com\"},\"Sid\":\"\"}],\"Version\":\"2012-10-17\"}",
            "create_date": "2023-11-09T19:28:35Z",
            "description": "",
            "force_detach_policies": false,
            "id": "office-lambda-execution-role",
            "inline_policy": [],
            "managed_policy_arns": [],
            "max_session_duration": 3600,
            "name": "office-lambda-execution-role",
            "name_prefix": "",
            "path": "/",
            "permissions_boundary": "",
            "tags": null,
            "tags_all": {
              "hashicorp-learn": "lambda-api-gateway"
            },
            "unique_id": "AROA4GD6PJPLZSRXKWYLB"
          },
          "sensitive_attributes": [],
          "private": "bnVsbA=="
        }
      ]
    },
    {
      "mode": "managed",
      "type": "aws_iam_role_policy_attachment",
      "name": "lambda_policy_attachment",
      "provider": "provider[\"registry.terraform.io/hashicorp/aws\"]",
      "instances": [
        {
          "schema_version": 0,
          "attributes": {
            "id": "office-lambda-execution-role-20231109192836608000000001",
            "policy_arn": "arn:aws:iam::aws:policy/service-role/AWSLambdaBasicExecutionRole",
            "role": "office-lambda-execution-role"
          },
          "sensitive_attributes": [],
          "private": "bnVsbA==",
          "dependencies": ["aws_iam_role.lambda_execution_policy"]
        }
      ]
    },
    {
      "mode": "managed",
      "type": "aws_lambda_function",
      "name": "office_quotes",
      "provider": "provider[\"registry.terraform.io/hashicorp/aws\"]",
      "instances": [
        {
          "schema_version": 0,
          "attributes": {
            "architectures": ["x86_64"],
            "arn": "arn:aws:lambda:us-west-1:837783866327:function:office-quotes",
            "code_signing_config_arn": "",
            "dead_letter_config": [],
            "description": "",
            "environment": [],
            "ephemeral_storage": [
              {
                "size": 512
              }
            ],
            "file_system_config": [],
            "filename": null,
            "function_name": "office-quotes",
            "handler": "rust.handler",
            "id": "office-quotes",
            "image_config": [],
            "image_uri": "",
            "invoke_arn": "arn:aws:apigateway:us-west-1:lambda:path/2015-03-31/functions/arn:aws:lambda:us-west-1:837783866327:function:office-quotes/invocations",
            "kms_key_arn": "",
            "last_modified": "2023-11-09T19:28:43.662+0000",
            "layers": null,
            "memory_size": 128,
            "package_type": "Zip",
            "publish": false,
            "qualified_arn": "arn:aws:lambda:us-west-1:837783866327:function:office-quotes:$LATEST",
            "qualified_invoke_arn": "arn:aws:apigateway:us-west-1:lambda:path/2015-03-31/functions/arn:aws:lambda:us-west-1:837783866327:function:office-quotes:$LATEST/invocations",
            "replace_security_groups_on_destroy": null,
            "replacement_security_group_ids": null,
            "reserved_concurrent_executions": -1,
            "role": "arn:aws:iam::837783866327:role/office-lambda-execution-role",
            "runtime": "provided.al2",
            "s3_bucket": "rust-lambda-teaching-ram",
            "s3_key": "bootstrap.zip",
            "s3_object_version": null,
            "signing_job_arn": "",
            "signing_profile_version_arn": "",
            "skip_destroy": false,
            "snap_start": [],
            "source_code_hash": "0slbrUSgczwQ1tTM5/NNhUrzILwEZW5HgVEC6nfGad0=",
            "source_code_size": 1352018,
            "tags": null,
            "tags_all": {
              "hashicorp-learn": "lambda-api-gateway"
            },
            "timeout": 3,
            "timeouts": null,
            "tracing_config": [
              {
                "mode": "PassThrough"
              }
            ],
            "version": "$LATEST",
            "vpc_config": []
          },
          "sensitive_attributes": [],
          "private": "eyJlMmJmYjczMC1lY2FhLTExZTYtOGY4OC0zNDM2M2JjN2M0YzAiOnsiY3JlYXRlIjo2MDAwMDAwMDAwMDAsImRlbGV0ZSI6NjAwMDAwMDAwMDAwLCJ1cGRhdGUiOjYwMDAwMDAwMDAwMH19",
          "dependencies": [
            "aws_iam_role.lambda_execution_policy",
            "aws_s3_bucket.lambda_bucket",
            "aws_s3_object.lambda_office_quotes",
            "data.archive_file.lambda_office_quotes",
            "random_pet.lambda_bucket_name"
          ]
        }
      ]
    },
    {
      "mode": "managed",
      "type": "aws_lambda_permission",
      "name": "office_gateway",
      "provider": "provider[\"registry.terraform.io/hashicorp/aws\"]",
      "instances": [
        {
          "schema_version": 0,
          "attributes": {
            "action": "lambda:InvokeFunction",
            "event_source_token": null,
            "function_name": "office-quotes",
            "function_url_auth_type": null,
            "id": "AllowExecutionFromAPIGateway",
            "principal": "apigateway.amazonaws.com",
            "principal_org_id": null,
            "qualifier": "",
            "source_account": null,
            "source_arn": "arn:aws:execute-api:us-west-1:837783866327:37uj1klegg/*/*",
            "statement_id": "AllowExecutionFromAPIGateway",
            "statement_id_prefix": ""
          },
          "sensitive_attributes": [],
          "private": "bnVsbA==",
          "dependencies": [
            "aws_apigatewayv2_api.office_gateway",
            "aws_iam_role.lambda_execution_policy",
            "aws_lambda_function.office_quotes",
            "aws_s3_bucket.lambda_bucket",
            "aws_s3_object.lambda_office_quotes",
            "data.archive_file.lambda_office_quotes",
            "random_pet.lambda_bucket_name"
          ]
        }
      ]
    },
    {
      "mode": "managed",
      "type": "aws_s3_bucket",
      "name": "lambda_bucket",
      "provider": "provider[\"registry.terraform.io/hashicorp/aws\"]",
      "instances": [
        {
          "schema_version": 0,
          "attributes": {
            "acceleration_status": "",
            "acl": null,
            "arn": "arn:aws:s3:::rust-lambda-teaching-ram",
            "bucket": "rust-lambda-teaching-ram",
            "bucket_domain_name": "rust-lambda-teaching-ram.s3.amazonaws.com",
            "bucket_prefix": "",
            "bucket_regional_domain_name": "rust-lambda-teaching-ram.s3.us-west-1.amazonaws.com",
            "cors_rule": [],
            "force_destroy": false,
            "grant": [
              {
                "id": "3bc627ab751509173050e52100bc364e242f50f95fdc9d271f06753b7130d8f8",
                "permissions": ["FULL_CONTROL"],
                "type": "CanonicalUser",
                "uri": ""
              }
            ],
            "hosted_zone_id": "Z2F56UZL2M1ACD",
            "id": "rust-lambda-teaching-ram",
            "lifecycle_rule": [],
            "logging": [],
            "object_lock_configuration": [],
            "object_lock_enabled": false,
            "policy": "",
            "region": "us-west-1",
            "replication_configuration": [],
            "request_payer": "BucketOwner",
            "server_side_encryption_configuration": [
              {
                "rule": [
                  {
                    "apply_server_side_encryption_by_default": [
                      {
                        "kms_master_key_id": "",
                        "sse_algorithm": "AES256"
                      }
                    ],
                    "bucket_key_enabled": false
                  }
                ]
              }
            ],
            "tags": null,
            "tags_all": {
              "hashicorp-learn": "lambda-api-gateway"
            },
            "timeouts": null,
            "versioning": [
              {
                "enabled": false,
                "mfa_delete": false
              }
            ],
            "website": [],
            "website_domain": null,
            "website_endpoint": null
          },
          "sensitive_attributes": [],
          "private": "eyJlMmJmYjczMC1lY2FhLTExZTYtOGY4OC0zNDM2M2JjN2M0YzAiOnsiY3JlYXRlIjoxMjAwMDAwMDAwMDAwLCJkZWxldGUiOjM2MDAwMDAwMDAwMDAsInJlYWQiOjEyMDAwMDAwMDAwMDAsInVwZGF0ZSI6MTIwMDAwMDAwMDAwMH19",
          "dependencies": ["random_pet.lambda_bucket_name"]
        }
      ]
    },
    {
      "mode": "managed",
      "type": "aws_s3_bucket_acl",
      "name": "lambda_bucket",
      "provider": "provider[\"registry.terraform.io/hashicorp/aws\"]",
      "instances": [
        {
          "schema_version": 0,
          "attributes": {
            "access_control_policy": [
              {
                "grant": [
                  {
                    "grantee": [
                      {
                        "display_name": "joey.mckenzie27",
                        "email_address": "",
                        "id": "3bc627ab751509173050e52100bc364e242f50f95fdc9d271f06753b7130d8f8",
                        "type": "CanonicalUser",
                        "uri": ""
                      }
                    ],
                    "permission": "FULL_CONTROL"
                  }
                ],
                "owner": [
                  {
                    "display_name": "joey.mckenzie27",
                    "id": "3bc627ab751509173050e52100bc364e242f50f95fdc9d271f06753b7130d8f8"
                  }
                ]
              }
            ],
            "acl": "private",
            "bucket": "rust-lambda-teaching-ram",
            "expected_bucket_owner": "",
            "id": "rust-lambda-teaching-ram,private"
          },
          "sensitive_attributes": [],
          "private": "bnVsbA==",
          "dependencies": [
            "aws_s3_bucket.lambda_bucket",
            "aws_s3_bucket_ownership_controls.lambda_bucket",
            "random_pet.lambda_bucket_name"
          ]
        }
      ]
    },
    {
      "mode": "managed",
      "type": "aws_s3_bucket_ownership_controls",
      "name": "lambda_bucket",
      "provider": "provider[\"registry.terraform.io/hashicorp/aws\"]",
      "instances": [
        {
          "schema_version": 0,
          "attributes": {
            "bucket": "rust-lambda-teaching-ram",
            "id": "rust-lambda-teaching-ram",
            "rule": [
              {
                "object_ownership": "BucketOwnerPreferred"
              }
            ]
          },
          "sensitive_attributes": [],
          "private": "bnVsbA==",
          "dependencies": [
            "aws_s3_bucket.lambda_bucket",
            "random_pet.lambda_bucket_name"
          ]
        }
      ]
    },
    {
      "mode": "managed",
      "type": "aws_s3_object",
      "name": "lambda_office_quotes",
      "provider": "provider[\"registry.terraform.io/hashicorp/aws\"]",
      "instances": [
        {
          "schema_version": 0,
          "attributes": {
            "acl": null,
            "bucket": "rust-lambda-teaching-ram",
            "bucket_key_enabled": false,
            "cache_control": "",
            "checksum_algorithm": null,
            "checksum_crc32": "",
            "checksum_crc32c": "",
            "checksum_sha1": "",
            "checksum_sha256": "",
            "content": null,
            "content_base64": null,
            "content_disposition": "",
            "content_encoding": "",
            "content_language": "",
            "content_type": "application/octet-stream",
            "etag": "c5f68fb38201660b5dec64d916fe70c9",
            "force_destroy": false,
            "id": "bootstrap.zip",
            "key": "bootstrap.zip",
            "kms_key_id": null,
            "metadata": null,
            "object_lock_legal_hold_status": "",
            "object_lock_mode": "",
            "object_lock_retain_until_date": "",
            "server_side_encryption": "AES256",
            "source": "./bootstrap.zip",
            "source_hash": null,
            "storage_class": "STANDARD",
            "tags": null,
            "tags_all": {
              "hashicorp-learn": "lambda-api-gateway"
            },
            "version_id": "",
            "website_redirect": ""
          },
          "sensitive_attributes": [],
          "private": "bnVsbA==",
          "dependencies": [
            "aws_s3_bucket.lambda_bucket",
            "data.archive_file.lambda_office_quotes",
            "random_pet.lambda_bucket_name"
          ]
        }
      ]
    },
    {
      "mode": "managed",
      "type": "random_pet",
      "name": "lambda_bucket_name",
      "provider": "provider[\"registry.terraform.io/hashicorp/random\"]",
      "instances": [
        {
          "schema_version": 0,
          "attributes": {
            "id": "rust-lambda-teaching-ram",
            "keepers": null,
            "length": 2,
            "prefix": "rust-lambda",
            "separator": "-"
          },
          "sensitive_attributes": []
        }
      ]
    }
  ],
  "check_results": null
}
