
Microsoft Visual Studio Solution File, Format Version 12.00
# Visual Studio Version 17
VisualStudioVersion = 17.5.002.0
MinimumVisualStudioVersion = 10.0.40219.1
Project("{2150E333-8FDC-42A3-9474-1A3956D46DE8}") = "examples", "examples", "{DC71AEAD-B11E-44D5-BB0D-7530EEC12EA1}"
EndProject
Project("{2150E333-8FDC-42A3-9474-1A3956D46DE8}") = "dotnet", "dotnet", "{3A954034-7A35-4D66-9E88-5DD36956A85F}"
EndProject
Project("{9A19103F-16F7-4668-BE54-9A1E7A4F7556}") = "HopTracker", "examples\dotnet\HopTracker\HopTracker.csproj", "{322346D8-F040-4950-AAF7-5933D0742C16}"
EndProject
Global
	GlobalSection(SolutionConfigurationPlatforms) = preSolution
		Debug|Any CPU = Debug|Any CPU
		Release|Any CPU = Release|Any CPU
	EndGlobalSection
	GlobalSection(ProjectConfigurationPlatforms) = postSolution
		{322346D8-F040-4950-AAF7-5933D0742C16}.Debug|Any CPU.ActiveCfg = Debug|Any CPU
		{322346D8-F040-4950-AAF7-5933D0742C16}.Debug|Any CPU.Build.0 = Debug|Any CPU
		{322346D8-F040-4950-AAF7-5933D0742C16}.Release|Any CPU.ActiveCfg = Release|Any CPU
		{322346D8-F040-4950-AAF7-5933D0742C16}.Release|Any CPU.Build.0 = Release|Any CPU
	EndGlobalSection
	GlobalSection(SolutionProperties) = preSolution
		HideSolutionNode = FALSE
	EndGlobalSection
	GlobalSection(NestedProjects) = preSolution
		{3A954034-7A35-4D66-9E88-5DD36956A85F} = {DC71AEAD-B11E-44D5-BB0D-7530EEC12EA1}
		{322346D8-F040-4950-AAF7-5933D0742C16} = {3A954034-7A35-4D66-9E88-5DD36956A85F}
	EndGlobalSection
	GlobalSection(ExtensibilityGlobals) = postSolution
		SolutionGuid = {6D029E8D-67E7-481D-94EA-B012C4079484}
	EndGlobalSection
EndGlobal
