
Microsoft Visual Studio Solution File, Format Version 12.00
# Visual Studio Version 17
VisualStudioVersion = 17.0.31903.59
MinimumVisualStudioVersion = 10.0.40219.1
Project("{2150E333-8FDC-42A3-9474-1A3956D46DE8}") = "examples", "examples", "{6AB52200-413A-45BA-8EED-C019156D0411}"
EndProject
Project("{2150E333-8FDC-42A3-9474-1A3956D46DE8}") = "dotnet", "dotnet", "{52D91925-46D3-4744-AA6B-99C0FBC43D5B}"
EndProject
Project("{FAE04EC0-301F-11D3-BF4B-00C04F79EFBC}") = "WithNeonFly", "examples\dotnet\with-neon-fly\WithNeonFly.csproj", "{D7BD8C5D-4545-4C08-B44A-3F5618900EA9}"
EndProject
Global
	GlobalSection(SolutionConfigurationPlatforms) = preSolution
		Debug|Any CPU = Debug|Any CPU
		Release|Any CPU = Release|Any CPU
	EndGlobalSection
	GlobalSection(SolutionProperties) = preSolution
		HideSolutionNode = FALSE
	EndGlobalSection
	GlobalSection(ProjectConfigurationPlatforms) = postSolution
		{D7BD8C5D-4545-4C08-B44A-3F5618900EA9}.Debug|Any CPU.ActiveCfg = Debug|Any CPU
		{D7BD8C5D-4545-4C08-B44A-3F5618900EA9}.Debug|Any CPU.Build.0 = Debug|Any CPU
		{D7BD8C5D-4545-4C08-B44A-3F5618900EA9}.Release|Any CPU.ActiveCfg = Release|Any CPU
		{D7BD8C5D-4545-4C08-B44A-3F5618900EA9}.Release|Any CPU.Build.0 = Release|Any CPU
	EndGlobalSection
	GlobalSection(NestedProjects) = preSolution
		{52D91925-46D3-4744-AA6B-99C0FBC43D5B} = {6AB52200-413A-45BA-8EED-C019156D0411}
		{D7BD8C5D-4545-4C08-B44A-3F5618900EA9} = {52D91925-46D3-4744-AA6B-99C0FBC43D5B}
	EndGlobalSection
EndGlobal
